// !$*UTF8*$!
{
	archiveVersion = 1;
	classes = {
	};
	objectVersion = 50;
	objects = {

/* Begin PBXBuildFile section */
		7F1640A024C81DD0008709E6 /* AppDelegate.swift in Sources */ = {isa = PBXBuildFile; fileRef = 7F16409F24C81DD0008709E6 /* AppDelegate.swift */; };
		7F1640A224C81DD0008709E6 /* SceneDelegate.swift in Sources */ = {isa = PBXBuildFile; fileRef = 7F1640A124C81DD0008709E6 /* SceneDelegate.swift */; };
		7F1640A424C81DD0008709E6 /* ToDoListViewController.swift in Sources */ = {isa = PBXBuildFile; fileRef = 7F1640A324C81DD0008709E6 /* ToDoListViewController.swift */; };
		7F1640A724C81DD0008709E6 /* Main.storyboard in Resources */ = {isa = PBXBuildFile; fileRef = 7F1640A524C81DD0008709E6 /* Main.storyboard */; };
		7F1640AA24C81DD0008709E6 /* ToDoList.xcdatamodeld in Sources */ = {isa = PBXBuildFile; fileRef = 7F1640A824C81DD0008709E6 /* ToDoList.xcdatamodeld */; };
		7F1640AC24C81DD5008709E6 /* Assets.xcassets in Resources */ = {isa = PBXBuildFile; fileRef = 7F1640AB24C81DD5008709E6 /* Assets.xcassets */; };
		7F1640AF24C81DD5008709E6 /* LaunchScreen.storyboard in Resources */ = {isa = PBXBuildFile; fileRef = 7F1640AD24C81DD5008709E6 /* LaunchScreen.storyboard */; };
		7F1640BA24C81DD5008709E6 /* ToDoListTests.swift in Sources */ = {isa = PBXBuildFile; fileRef = 7F1640B924C81DD5008709E6 /* ToDoListTests.swift */; };
		7F26B39424C8219F00FCC89A /* ToDoTableViewCell.swift in Sources */ = {isa = PBXBuildFile; fileRef = 7F26B39324C8219F00FCC89A /* ToDoTableViewCell.swift */; };
		7F3737D824CAC194009FB951 /* NotificationService.swift in Sources */ = {isa = PBXBuildFile; fileRef = 7F3737D724CAC194009FB951 /* NotificationService.swift */; };
		7F54CEE424C87267004F777F /* AddTaskViewController.swift in Sources */ = {isa = PBXBuildFile; fileRef = 7F54CEE324C87267004F777F /* AddTaskViewController.swift */; };
		7F7E2DDA24C96D7A00F2FED3 /* TaskModel.swift in Sources */ = {isa = PBXBuildFile; fileRef = 7F7E2DD924C96D7A00F2FED3 /* TaskModel.swift */; };
		7F7E2DDC24C96DB800F2FED3 /* TaskViewModel.swift in Sources */ = {isa = PBXBuildFile; fileRef = 7F7E2DDB24C96DB800F2FED3 /* TaskViewModel.swift */; };
		7F7E2DDE24C97F6A00F2FED3 /* Protocols.swift in Sources */ = {isa = PBXBuildFile; fileRef = 7F7E2DDD24C97F6A00F2FED3 /* Protocols.swift */; };
		7F7E2DE224C9BFFC00F2FED3 /* CoreDataService.swift in Sources */ = {isa = PBXBuildFile; fileRef = 7F7E2DE124C9BFFC00F2FED3 /* CoreDataService.swift */; };
/* End PBXBuildFile section */

/* Begin PBXContainerItemProxy section */
		7F1640B624C81DD5008709E6 /* PBXContainerItemProxy */ = {
			isa = PBXContainerItemProxy;
			containerPortal = 7F16409424C81DD0008709E6 /* Project object */;
			proxyType = 1;
			remoteGlobalIDString = 7F16409B24C81DD0008709E6;
			remoteInfo = ToDoList;
		};
/* End PBXContainerItemProxy section */

/* Begin PBXFileReference section */
		7F16409C24C81DD0008709E6 /* ToDoList.app */ = {isa = PBXFileReference; explicitFileType = wrapper.application; includeInIndex = 0; path = ToDoList.app; sourceTree = BUILT_PRODUCTS_DIR; };
		7F16409F24C81DD0008709E6 /* AppDelegate.swift */ = {isa = PBXFileReference; lastKnownFileType = sourcecode.swift; path = AppDelegate.swift; sourceTree = "<group>"; };
		7F1640A124C81DD0008709E6 /* SceneDelegate.swift */ = {isa = PBXFileReference; lastKnownFileType = sourcecode.swift; path = SceneDelegate.swift; sourceTree = "<group>"; };
		7F1640A324C81DD0008709E6 /* ToDoListViewController.swift */ = {isa = PBXFileReference; lastKnownFileType = sourcecode.swift; path = ToDoListViewController.swift; sourceTree = "<group>"; };
		7F1640A624C81DD0008709E6 /* Base */ = {isa = PBXFileReference; lastKnownFileType = file.storyboard; name = Base; path = Base.lproj/Main.storyboard; sourceTree = "<group>"; };
		7F1640A924C81DD0008709E6 /* ToDoList.xcdatamodel */ = {isa = PBXFileReference; lastKnownFileType = wrapper.xcdatamodel; path = ToDoList.xcdatamodel; sourceTree = "<group>"; };
		7F1640AB24C81DD5008709E6 /* Assets.xcassets */ = {isa = PBXFileReference; lastKnownFileType = folder.assetcatalog; path = Assets.xcassets; sourceTree = "<group>"; };
		7F1640AE24C81DD5008709E6 /* Base */ = {isa = PBXFileReference; lastKnownFileType = file.storyboard; name = Base; path = Base.lproj/LaunchScreen.storyboard; sourceTree = "<group>"; };
		7F1640B024C81DD5008709E6 /* Info.plist */ = {isa = PBXFileReference; lastKnownFileType = text.plist.xml; path = Info.plist; sourceTree = "<group>"; };
		7F1640B524C81DD5008709E6 /* ToDoListTests.xctest */ = {isa = PBXFileReference; explicitFileType = wrapper.cfbundle; includeInIndex = 0; path = ToDoListTests.xctest; sourceTree = BUILT_PRODUCTS_DIR; };
		7F1640B924C81DD5008709E6 /* ToDoListTests.swift */ = {isa = PBXFileReference; lastKnownFileType = sourcecode.swift; path = ToDoListTests.swift; sourceTree = "<group>"; };
		7F1640BB24C81DD5008709E6 /* Info.plist */ = {isa = PBXFileReference; lastKnownFileType = text.plist.xml; path = Info.plist; sourceTree = "<group>"; };
		7F26B39324C8219F00FCC89A /* ToDoTableViewCell.swift */ = {isa = PBXFileReference; lastKnownFileType = sourcecode.swift; path = ToDoTableViewCell.swift; sourceTree = "<group>"; };
		7F3737D724CAC194009FB951 /* NotificationService.swift */ = {isa = PBXFileReference; lastKnownFileType = sourcecode.swift; path = NotificationService.swift; sourceTree = "<group>"; };
		7F54CEE324C87267004F777F /* AddTaskViewController.swift */ = {isa = PBXFileReference; lastKnownFileType = sourcecode.swift; path = AddTaskViewController.swift; sourceTree = "<group>"; };
		7F7E2DD924C96D7A00F2FED3 /* TaskModel.swift */ = {isa = PBXFileReference; lastKnownFileType = sourcecode.swift; path = TaskModel.swift; sourceTree = "<group>"; };
		7F7E2DDB24C96DB800F2FED3 /* TaskViewModel.swift */ = {isa = PBXFileReference; lastKnownFileType = sourcecode.swift; path = TaskViewModel.swift; sourceTree = "<group>"; };
		7F7E2DDD24C97F6A00F2FED3 /* Protocols.swift */ = {isa = PBXFileReference; lastKnownFileType = sourcecode.swift; path = Protocols.swift; sourceTree = "<group>"; };
		7F7E2DE124C9BFFC00F2FED3 /* CoreDataService.swift */ = {isa = PBXFileReference; lastKnownFileType = sourcecode.swift; path = CoreDataService.swift; sourceTree = "<group>"; };
/* End PBXFileReference section */

/* Begin PBXFrameworksBuildPhase section */
		7F16409924C81DD0008709E6 /* Frameworks */ = {
			isa = PBXFrameworksBuildPhase;
			buildActionMask = 2147483647;
			files = (
			);
			runOnlyForDeploymentPostprocessing = 0;
		};
		7F1640B224C81DD5008709E6 /* Frameworks */ = {
			isa = PBXFrameworksBuildPhase;
			buildActionMask = 2147483647;
			files = (
			);
			runOnlyForDeploymentPostprocessing = 0;
		};
/* End PBXFrameworksBuildPhase section */

/* Begin PBXGroup section */
		7F16409324C81DD0008709E6 = {
			isa = PBXGroup;
			children = (
				7F16409E24C81DD0008709E6 /* ToDoList */,
				7F1640B824C81DD5008709E6 /* ToDoListTests */,
				7F16409D24C81DD0008709E6 /* Products */,
			);
			sourceTree = "<group>";
		};
		7F16409D24C81DD0008709E6 /* Products */ = {
			isa = PBXGroup;
			children = (
				7F16409C24C81DD0008709E6 /* ToDoList.app */,
				7F1640B524C81DD5008709E6 /* ToDoListTests.xctest */,
			);
			name = Products;
			sourceTree = "<group>";
		};
		7F16409E24C81DD0008709E6 /* ToDoList */ = {
			isa = PBXGroup;
			children = (
				7F16409F24C81DD0008709E6 /* AppDelegate.swift */,
				7F1640A124C81DD0008709E6 /* SceneDelegate.swift */,
				7F26B39324C8219F00FCC89A /* ToDoTableViewCell.swift */,
				7F7E2DDD24C97F6A00F2FED3 /* Protocols.swift */,
				7F3737D924CACF96009FB951 /* Services */,
				7F3737DB24CACFB8009FB951 /* Models */,
				7F3737DA24CACFAB009FB951 /* ViewControllers */,
				7F1640A524C81DD0008709E6 /* Main.storyboard */,
				7F1640AB24C81DD5008709E6 /* Assets.xcassets */,
				7F1640AD24C81DD5008709E6 /* LaunchScreen.storyboard */,
				7F1640B024C81DD5008709E6 /* Info.plist */,
				7F1640A824C81DD0008709E6 /* ToDoList.xcdatamodeld */,
			);
			path = ToDoList;
			sourceTree = "<group>";
		};
		7F1640B824C81DD5008709E6 /* ToDoListTests */ = {
			isa = PBXGroup;
			children = (
				7F1640B924C81DD5008709E6 /* ToDoListTests.swift */,
				7F1640BB24C81DD5008709E6 /* Info.plist */,
			);
			path = ToDoListTests;
			sourceTree = "<group>";
		};
		7F3737D924CACF96009FB951 /* Services */ = {
			isa = PBXGroup;
			children = (
				7F7E2DE124C9BFFC00F2FED3 /* CoreDataService.swift */,
				7F3737D724CAC194009FB951 /* NotificationService.swift */,
			);
			path = Services;
			sourceTree = "<group>";
		};
		7F3737DA24CACFAB009FB951 /* ViewControllers */ = {
			isa = PBXGroup;
			children = (
				7F1640A324C81DD0008709E6 /* ToDoListViewController.swift */,
				7F54CEE324C87267004F777F /* AddTaskViewController.swift */,
			);
			path = ViewControllers;
			sourceTree = "<group>";
		};
		7F3737DB24CACFB8009FB951 /* Models */ = {
			isa = PBXGroup;
			children = (
				7F7E2DD924C96D7A00F2FED3 /* TaskModel.swift */,
				7F7E2DDB24C96DB800F2FED3 /* TaskViewModel.swift */,
			);
			path = Models;
			sourceTree = "<group>";
		};
/* End PBXGroup section */

/* Begin PBXNativeTarget section */
		7F16409B24C81DD0008709E6 /* ToDoList */ = {
			isa = PBXNativeTarget;
			buildConfigurationList = 7F1640BE24C81DD5008709E6 /* Build configuration list for PBXNativeTarget "ToDoList" */;
			buildPhases = (
				7F16409824C81DD0008709E6 /* Sources */,
				7F16409924C81DD0008709E6 /* Frameworks */,
				7F16409A24C81DD0008709E6 /* Resources */,
			);
			buildRules = (
			);
			dependencies = (
			);
			name = ToDoList;
			productName = ToDoList;
			productReference = 7F16409C24C81DD0008709E6 /* ToDoList.app */;
			productType = "com.apple.product-type.application";
		};
		7F1640B424C81DD5008709E6 /* ToDoListTests */ = {
			isa = PBXNativeTarget;
			buildConfigurationList = 7F1640C124C81DD5008709E6 /* Build configuration list for PBXNativeTarget "ToDoListTests" */;
			buildPhases = (
				7F1640B124C81DD5008709E6 /* Sources */,
				7F1640B224C81DD5008709E6 /* Frameworks */,
				7F1640B324C81DD5008709E6 /* Resources */,
			);
			buildRules = (
			);
			dependencies = (
				7F1640B724C81DD5008709E6 /* PBXTargetDependency */,
			);
			name = ToDoListTests;
			productName = ToDoListTests;
			productReference = 7F1640B524C81DD5008709E6 /* ToDoListTests.xctest */;
			productType = "com.apple.product-type.bundle.unit-test";
		};
/* End PBXNativeTarget section */

/* Begin PBXProject section */
		7F16409424C81DD0008709E6 /* Project object */ = {
			isa = PBXProject;
			attributes = {
				LastSwiftUpdateCheck = 1130;
				LastUpgradeCheck = 1130;
				ORGANIZATIONNAME = Prabh;
				TargetAttributes = {
					7F16409B24C81DD0008709E6 = {
						CreatedOnToolsVersion = 11.3.1;
					};
					7F1640B424C81DD5008709E6 = {
						CreatedOnToolsVersion = 11.3.1;
						TestTargetID = 7F16409B24C81DD0008709E6;
					};
				};
			};
			buildConfigurationList = 7F16409724C81DD0008709E6 /* Build configuration list for PBXProject "ToDoList" */;
			compatibilityVersion = "Xcode 9.3";
			developmentRegion = en;
			hasScannedForEncodings = 0;
			knownRegions = (
				en,
				Base,
			);
			mainGroup = 7F16409324C81DD0008709E6;
			productRefGroup = 7F16409D24C81DD0008709E6 /* Products */;
			projectDirPath = "";
			projectRoot = "";
			targets = (
				7F16409B24C81DD0008709E6 /* ToDoList */,
				7F1640B424C81DD5008709E6 /* ToDoListTests */,
			);
		};
/* End PBXProject section */

/* Begin PBXResourcesBuildPhase section */
		7F16409A24C81DD0008709E6 /* Resources */ = {
			isa = PBXResourcesBuildPhase;
			buildActionMask = 2147483647;
			files = (
				7F1640AF24C81DD5008709E6 /* LaunchScreen.storyboard in Resources */,
				7F1640AC24C81DD5008709E6 /* Assets.xcassets in Resources */,
				7F1640A724C81DD0008709E6 /* Main.storyboard in Resources */,
			);
			runOnlyForDeploymentPostprocessing = 0;
		};
		7F1640B324C81DD5008709E6 /* Resources */ = {
			isa = PBXResourcesBuildPhase;
			buildActionMask = 2147483647;
			files = (
			);
			runOnlyForDeploymentPostprocessing = 0;
		};
/* End PBXResourcesBuildPhase section */

/* Begin PBXSourcesBuildPhase section */
		7F16409824C81DD0008709E6 /* Sources */ = {
			isa = PBXSourcesBuildPhase;
			buildActionMask = 2147483647;
			files = (
				7F1640A424C81DD0008709E6 /* ToDoListViewController.swift in Sources */,
				7F3737D824CAC194009FB951 /* NotificationService.swift in Sources */,
				7F54CEE424C87267004F777F /* AddTaskViewController.swift in Sources */,
				7F7E2DE224C9BFFC00F2FED3 /* CoreDataService.swift in Sources */,
				7F1640A024C81DD0008709E6 /* AppDelegate.swift in Sources */,
				7F7E2DDE24C97F6A00F2FED3 /* Protocols.swift in Sources */,
				7F1640A224C81DD0008709E6 /* SceneDelegate.swift in Sources */,
				7F1640AA24C81DD0008709E6 /* ToDoList.xcdatamodeld in Sources */,
				7F7E2DDC24C96DB800F2FED3 /* TaskViewModel.swift in Sources */,
				7F26B39424C8219F00FCC89A /* ToDoTableViewCell.swift in Sources */,
				7F7E2DDA24C96D7A00F2FED3 /* TaskModel.swift in Sources */,
			);
			runOnlyForDeploymentPostprocessing = 0;
		};
		7F1640B124C81DD5008709E6 /* Sources */ = {
			isa = PBXSourcesBuildPhase;
			buildActionMask = 2147483647;
			files = (
				7F1640BA24C81DD5008709E6 /* ToDoListTests.swift in Sources */,
			);
			runOnlyForDeploymentPostprocessing = 0;
		};
/* End PBXSourcesBuildPhase section */

/* Begin PBXTargetDependency section */
		7F1640B724C81DD5008709E6 /* PBXTargetDependency */ = {
			isa = PBXTargetDependency;
			target = 7F16409B24C81DD0008709E6 /* ToDoList */;
			targetProxy = 7F1640B624C81DD5008709E6 /* PBXContainerItemProxy */;
		};
/* End PBXTargetDependency section */

/* Begin PBXVariantGroup section */
		7F1640A524C81DD0008709E6 /* Main.storyboard */ = {
			isa = PBXVariantGroup;
			children = (
				7F1640A624C81DD0008709E6 /* Base */,
			);
			name = Main.storyboard;
			sourceTree = "<group>";
		};
		7F1640AD24C81DD5008709E6 /* LaunchScreen.storyboard */ = {
			isa = PBXVariantGroup;
			children = (
				7F1640AE24C81DD5008709E6 /* Base */,
			);
			name = LaunchScreen.storyboard;
			sourceTree = "<group>";
		};
/* End PBXVariantGroup section */

/* Begin XCBuildConfiguration section */
		7F1640BC24C81DD5008709E6 /* Debug */ = {
			isa = XCBuildConfiguration;
			buildSettings = {
				ALWAYS_SEARCH_USER_PATHS = NO;
				CLANG_ANALYZER_NONNULL = YES;
				CLANG_ANALYZER_NUMBER_OBJECT_CONVERSION = YES_AGGRESSIVE;
				CLANG_CXX_LANGUAGE_STANDARD = "gnu++14";
				CLANG_CXX_LIBRARY = "libc++";
				CLANG_ENABLE_MODULES = YES;
				CLANG_ENABLE_OBJC_ARC = YES;
				CLANG_ENABLE_OBJC_WEAK = YES;
				CLANG_WARN_BLOCK_CAPTURE_AUTORELEASING = YES;
				CLANG_WARN_BOOL_CONVERSION = YES;
				CLANG_WARN_COMMA = YES;
				CLANG_WARN_CONSTANT_CONVERSION = YES;
				CLANG_WARN_DEPRECATED_OBJC_IMPLEMENTATIONS = YES;
				CLANG_WARN_DIRECT_OBJC_ISA_USAGE = YES_ERROR;
				CLANG_WARN_DOCUMENTATION_COMMENTS = YES;
				CLANG_WARN_EMPTY_BODY = YES;
				CLANG_WARN_ENUM_CONVERSION = YES;
				CLANG_WARN_INFINITE_RECURSION = YES;
				CLANG_WARN_INT_CONVERSION = YES;
				CLANG_WARN_NON_LITERAL_NULL_CONVERSION = YES;
				CLANG_WARN_OBJC_IMPLICIT_RETAIN_SELF = YES;
				CLANG_WARN_OBJC_LITERAL_CONVERSION = YES;
				CLANG_WARN_OBJC_ROOT_CLASS = YES_ERROR;
				CLANG_WARN_RANGE_LOOP_ANALYSIS = YES;
				CLANG_WARN_STRICT_PROTOTYPES = YES;
				CLANG_WARN_SUSPICIOUS_MOVE = YES;
				CLANG_WARN_UNGUARDED_AVAILABILITY = YES_AGGRESSIVE;
				CLANG_WARN_UNREACHABLE_CODE = YES;
				CLANG_WARN__DUPLICATE_METHOD_MATCH = YES;
				COPY_PHASE_STRIP = NO;
				DEBUG_INFORMATION_FORMAT = dwarf;
				ENABLE_STRICT_OBJC_MSGSEND = YES;
				ENABLE_TESTABILITY = YES;
				GCC_C_LANGUAGE_STANDARD = gnu11;
				GCC_DYNAMIC_NO_PIC = NO;
				GCC_NO_COMMON_BLOCKS = YES;
				GCC_OPTIMIZATION_LEVEL = 0;
				GCC_PREPROCESSOR_DEFINITIONS = (
					"DEBUG=1",
					"$(inherited)",
				);
				GCC_WARN_64_TO_32_BIT_CONVERSION = YES;
				GCC_WARN_ABOUT_RETURN_TYPE = YES_ERROR;
				GCC_WARN_UNDECLARED_SELECTOR = YES;
				GCC_WARN_UNINITIALIZED_AUTOS = YES_AGGRESSIVE;
				GCC_WARN_UNUSED_FUNCTION = YES;
				GCC_WARN_UNUSED_VARIABLE = YES;
				IPHONEOS_DEPLOYMENT_TARGET = 13.2;
				MTL_ENABLE_DEBUG_INFO = INCLUDE_SOURCE;
				MTL_FAST_MATH = YES;
				ONLY_ACTIVE_ARCH = YES;
				SDKROOT = iphoneos;
				SWIFT_ACTIVE_COMPILATION_CONDITIONS = DEBUG;
				SWIFT_OPTIMIZATION_LEVEL = "-Onone";
			};
			name = Debug;
		};
		7F1640BD24C81DD5008709E6 /* Release */ = {
			isa = XCBuildConfiguration;
			buildSettings = {
				ALWAYS_SEARCH_USER_PATHS = NO;
				CLANG_ANALYZER_NONNULL = YES;
				CLANG_ANALYZER_NUMBER_OBJECT_CONVERSION = YES_AGGRESSIVE;
				CLANG_CXX_LANGUAGE_STANDARD = "gnu++14";
				CLANG_CXX_LIBRARY = "libc++";
				CLANG_ENABLE_MODULES = YES;
				CLANG_ENABLE_OBJC_ARC = YES;
				CLANG_ENABLE_OBJC_WEAK = YES;
				CLANG_WARN_BLOCK_CAPTURE_AUTORELEASING = YES;
				CLANG_WARN_BOOL_CONVERSION = YES;
				CLANG_WARN_COMMA = YES;
				CLANG_WARN_CONSTANT_CONVERSION = YES;
				CLANG_WARN_DEPRECATED_OBJC_IMPLEMENTATIONS = YES;
				CLANG_WARN_DIRECT_OBJC_ISA_USAGE = YES_ERROR;
				CLANG_WARN_DOCUMENTATION_COMMENTS = YES;
				CLANG_WARN_EMPTY_BODY = YES;
				CLANG_WARN_ENUM_CONVERSION = YES;
				CLANG_WARN_INFINITE_RECURSION = YES;
				CLANG_WARN_INT_CONVERSION = YES;
				CLANG_WARN_NON_LITERAL_NULL_CONVERSION = YES;
				CLANG_WARN_OBJC_IMPLICIT_RETAIN_SELF = YES;
				CLANG_WARN_OBJC_LITERAL_CONVERSION = YES;
				CLANG_WARN_OBJC_ROOT_CLASS = YES_ERROR;
				CLANG_WARN_RANGE_LOOP_ANALYSIS = YES;
				CLANG_WARN_STRICT_PROTOTYPES = YES;
				CLANG_WARN_SUSPICIOUS_MOVE = YES;
				CLANG_WARN_UNGUARDED_AVAILABILITY = YES_AGGRESSIVE;
				CLANG_WARN_UNREACHABLE_CODE = YES;
				CLANG_WARN__DUPLICATE_METHOD_MATCH = YES;
				COPY_PHASE_STRIP = NO;
				DEBUG_INFORMATION_FORMAT = "dwarf-with-dsym";
				ENABLE_NS_ASSERTIONS = NO;
				ENABLE_STRICT_OBJC_MSGSEND = YES;
				GCC_C_LANGUAGE_STANDARD = gnu11;
				GCC_NO_COMMON_BLOCKS = YES;
				GCC_WARN_64_TO_32_BIT_CONVERSION = YES;
				GCC_WARN_ABOUT_RETURN_TYPE = YES_ERROR;
				GCC_WARN_UNDECLARED_SELECTOR = YES;
				GCC_WARN_UNINITIALIZED_AUTOS = YES_AGGRESSIVE;
				GCC_WARN_UNUSED_FUNCTION = YES;
				GCC_WARN_UNUSED_VARIABLE = YES;
				IPHONEOS_DEPLOYMENT_TARGET = 13.2;
				MTL_ENABLE_DEBUG_INFO = NO;
				MTL_FAST_MATH = YES;
				SDKROOT = iphoneos;
				SWIFT_COMPILATION_MODE = wholemodule;
				SWIFT_OPTIMIZATION_LEVEL = "-O";
				VALIDATE_PRODUCT = YES;
			};
			name = Release;
		};
		7F1640BF24C81DD5008709E6 /* Debug */ = {
			isa = XCBuildConfiguration;
			buildSettings = {
				ASSETCATALOG_COMPILER_APPICON_NAME = AppIcon;
				CODE_SIGN_STYLE = Automatic;
				DEVELOPMENT_TEAM = Z4P2SA89UW;
				INFOPLIST_FILE = ToDoList/Info.plist;
				LD_RUNPATH_SEARCH_PATHS = (
					"$(inherited)",
					"@executable_path/Frameworks",
				);
				PRODUCT_BUNDLE_IDENTIFIER = com.prabh.ToDoList;
				PRODUCT_NAME = "$(TARGET_NAME)";
				SWIFT_VERSION = 5.0;
				TARGETED_DEVICE_FAMILY = "1,2";
			};
			name = Debug;
		};
		7F1640C024C81DD5008709E6 /* Release */ = {
			isa = XCBuildConfiguration;
			buildSettings = {
				ASSETCATALOG_COMPILER_APPICON_NAME = AppIcon;
				CODE_SIGN_STYLE = Automatic;
				DEVELOPMENT_TEAM = Z4P2SA89UW;
				INFOPLIST_FILE = ToDoList/Info.plist;
				LD_RUNPATH_SEARCH_PATHS = (
					"$(inherited)",
					"@executable_path/Frameworks",
				);
				PRODUCT_BUNDLE_IDENTIFIER = com.prabh.ToDoList;
				PRODUCT_NAME = "$(TARGET_NAME)";
				SWIFT_VERSION = 5.0;
				TARGETED_DEVICE_FAMILY = "1,2";
			};
			name = Release;
		};
		7F1640C224C81DD5008709E6 /* Debug */ = {
			isa = XCBuildConfiguration;
			buildSettings = {
				ALWAYS_EMBED_SWIFT_STANDARD_LIBRARIES = YES;
				BUNDLE_LOADER = "$(TEST_HOST)";
				CODE_SIGN_STYLE = Automatic;
				DEVELOPMENT_TEAM = Z4P2SA89UW;
				INFOPLIST_FILE = ToDoListTests/Info.plist;
				IPHONEOS_DEPLOYMENT_TARGET = 13.2;
				LD_RUNPATH_SEARCH_PATHS = (
					"$(inherited)",
					"@executable_path/Frameworks",
					"@loader_path/Frameworks",
				);
				PRODUCT_BUNDLE_IDENTIFIER = com.prabh.ToDoListTests;
				PRODUCT_NAME = "$(TARGET_NAME)";
				SWIFT_VERSION = 5.0;
				TARGETED_DEVICE_FAMILY = "1,2";
				TEST_HOST = "$(BUILT_PRODUCTS_DIR)/ToDoList.app/ToDoList";
			};
			name = Debug;
		};
		7F1640C324C81DD5008709E6 /* Release */ = {
			isa = XCBuildConfiguration;
			buildSettings = {
				ALWAYS_EMBED_SWIFT_STANDARD_LIBRARIES = YES;
				BUNDLE_LOADER = "$(TEST_HOST)";
				CODE_SIGN_STYLE = Automatic;
				DEVELOPMENT_TEAM = Z4P2SA89UW;
				INFOPLIST_FILE = ToDoListTests/Info.plist;
				IPHONEOS_DEPLOYMENT_TARGET = 13.2;
				LD_RUNPATH_SEARCH_PATHS = (
					"$(inherited)",
					"@executable_path/Frameworks",
					"@loader_path/Frameworks",
				);
				PRODUCT_BUNDLE_IDENTIFIER = com.prabh.ToDoListTests;
				PRODUCT_NAME = "$(TARGET_NAME)";
				SWIFT_VERSION = 5.0;
				TARGETED_DEVICE_FAMILY = "1,2";
				TEST_HOST = "$(BUILT_PRODUCTS_DIR)/ToDoList.app/ToDoList";
			};
			name = Release;
		};
/* End XCBuildConfiguration section */

/* Begin XCConfigurationList section */
		7F16409724C81DD0008709E6 /* Build configuration list for PBXProject "ToDoList" */ = {
			isa = XCConfigurationList;
			buildConfigurations = (
				7F1640BC24C81DD5008709E6 /* Debug */,
				7F1640BD24C81DD5008709E6 /* Release */,
			);
			defaultConfigurationIsVisible = 0;
			defaultConfigurationName = Release;
		};
		7F1640BE24C81DD5008709E6 /* Build configuration list for PBXNativeTarget "ToDoList" */ = {
			isa = XCConfigurationList;
			buildConfigurations = (
				7F1640BF24C81DD5008709E6 /* Debug */,
				7F1640C024C81DD5008709E6 /* Release */,
			);
			defaultConfigurationIsVisible = 0;
			defaultConfigurationName = Release;
		};
		7F1640C124C81DD5008709E6 /* Build configuration list for PBXNativeTarget "ToDoListTests" */ = {
			isa = XCConfigurationList;
			buildConfigurations = (
				7F1640C224C81DD5008709E6 /* Debug */,
				7F1640C324C81DD5008709E6 /* Release */,
			);
			defaultConfigurationIsVisible = 0;
			defaultConfigurationName = Release;
		};
/* End XCConfigurationList section */

/* Begin XCVersionGroup section */
		7F1640A824C81DD0008709E6 /* ToDoList.xcdatamodeld */ = {
			isa = XCVersionGroup;
			children = (
				7F1640A924C81DD0008709E6 /* ToDoList.xcdatamodel */,
			);
			currentVersion = 7F1640A924C81DD0008709E6 /* ToDoList.xcdatamodel */;
			path = ToDoList.xcdatamodeld;
			sourceTree = "<group>";
			versionGroupType = wrapper.xcdatamodel;
		};
/* End XCVersionGroup section */
	};
	rootObject = 7F16409424C81DD0008709E6 /* Project object */;
}
